
Microsoft Visual Studio Solution File, Format Version 12.00
# Visual Studio Version 17
VisualStudioVersion = 17.13.35806.99 d17.13
MinimumVisualStudioVersion = 10.0.40219.1
Project("{FAE04EC0-301F-11D3-BF4B-00C04F79EFBC}") = "laba3", "laba3\laba3.csproj", "{947DD2A2-FD44-4E7E-9D03-E67951FE5CCF}"
EndProject
Global
	GlobalSection(SolutionConfigurationPlatforms) = preSolution
		Debug|Any CPU = Debug|Any CPU
		Release|Any CPU = Release|Any CPU
	EndGlobalSection
	GlobalSection(ProjectConfigurationPlatforms) = postSolution
		{947DD2A2-FD44-4E7E-9D03-E67951FE5CCF}.Debug|Any CPU.ActiveCfg = Debug|Any CPU
		{947DD2A2-FD44-4E7E-9D03-E67951FE5CCF}.Debug|Any CPU.Build.0 = Debug|Any CPU
		{947DD2A2-FD44-4E7E-9D03-E67951FE5CCF}.Release|Any CPU.ActiveCfg = Release|Any CPU
		{947DD2A2-FD44-4E7E-9D03-E67951FE5CCF}.Release|Any CPU.Build.0 = Release|Any CPU
	EndGlobalSection
	GlobalSection(SolutionProperties) = preSolution
		HideSolutionNode = FALSE
	EndGlobalSection
	GlobalSection(ExtensibilityGlobals) = postSolution
		SolutionGuid = {A53EC02D-EA56-46E1-8E31-C37B3541DED1}
	EndGlobalSection
EndGlobal
